
Microsoft Visual Studio Solution File, Format Version 12.00
# Visual Studio Version 16
VisualStudioVersion = 16.0.30503.244
MinimumVisualStudioVersion = 10.0.40219.1
Project("{FAE04EC0-301F-11D3-BF4B-00C04F79EFBC}") = "NVPapi", "NVPapi.csproj", "{CADB86E7-40C5-4C08-8BE0-513AAE46151D}"
EndProject
Global
	GlobalSection(SolutionConfigurationPlatforms) = preSolution
		Debug|Any CPU = Debug|Any CPU
		Release|Any CPU = Release|Any CPU
	EndGlobalSection
	GlobalSection(ProjectConfigurationPlatforms) = postSolution
		{CADB86E7-40C5-4C08-8BE0-513AAE46151D}.Debug|Any CPU.ActiveCfg = Debug|Any CPU
		{CADB86E7-40C5-4C08-8BE0-513AAE46151D}.Debug|Any CPU.Build.0 = Debug|Any CPU
		{CADB86E7-40C5-4C08-8BE0-513AAE46151D}.Release|Any CPU.ActiveCfg = Release|Any CPU
		{CADB86E7-40C5-4C08-8BE0-513AAE46151D}.Release|Any CPU.Build.0 = Release|Any CPU
	EndGlobalSection
	GlobalSection(SolutionProperties) = preSolution
		HideSolutionNode = FALSE
	EndGlobalSection
	GlobalSection(ExtensibilityGlobals) = postSolution
		SolutionGuid = {9887CCBD-2201-4EF6-81CA-561DE76550BF}
	EndGlobalSection
EndGlobal
